// !$*UTF8*$!
{
	archiveVersion = 1;
	classes = {
	};
	objectVersion = 46;
	objects = {

/* Begin PBXBuildFile section */
		7832703814115C6F00ECCE7D /* NSObject+ActiveSupport.h in Headers */ = {isa = PBXBuildFile; fileRef = 7832703614115C6F00ECCE7D /* NSObject+ActiveSupport.h */; settings = {ATTRIBUTES = (Public, ); }; };
		7832703914115C6F00ECCE7D /* NSObject+ActiveSupport.h in Headers */ = {isa = PBXBuildFile; fileRef = 7832703614115C6F00ECCE7D /* NSObject+ActiveSupport.h */; settings = {ATTRIBUTES = (Public, ); }; };
		7832703A14115C6F00ECCE7D /* NSObject+ActiveSupport.m in Sources */ = {isa = PBXBuildFile; fileRef = 7832703714115C6F00ECCE7D /* NSObject+ActiveSupport.m */; };
		7832703B14115C6F00ECCE7D /* NSObject+ActiveSupport.m in Sources */ = {isa = PBXBuildFile; fileRef = 7832703714115C6F00ECCE7D /* NSObject+ActiveSupport.m */; };
		7832704214115D3400ECCE7D /* NSArray+ActiveSupport.h in Headers */ = {isa = PBXBuildFile; fileRef = 7832704014115D3400ECCE7D /* NSArray+ActiveSupport.h */; settings = {ATTRIBUTES = (Public, ); }; };
		7832704314115D3400ECCE7D /* NSArray+ActiveSupport.h in Headers */ = {isa = PBXBuildFile; fileRef = 7832704014115D3400ECCE7D /* NSArray+ActiveSupport.h */; settings = {ATTRIBUTES = (Public, ); }; };
		7832704414115D3400ECCE7D /* NSArray+ActiveSupport.m in Sources */ = {isa = PBXBuildFile; fileRef = 7832704114115D3400ECCE7D /* NSArray+ActiveSupport.m */; };
		7832704514115D3400ECCE7D /* NSArray+ActiveSupport.m in Sources */ = {isa = PBXBuildFile; fileRef = 7832704114115D3400ECCE7D /* NSArray+ActiveSupport.m */; };
		783545F913EA64C50049385C /* InfoPlist.strings in Resources */ = {isa = PBXBuildFile; fileRef = 783545F713EA64C50049385C /* InfoPlist.strings */; };
		7835460513EA64C50049385C /* SenTestingKit.framework in Frameworks */ = {isa = PBXBuildFile; fileRef = 7835460413EA64C50049385C /* SenTestingKit.framework */; };
		7835460913EA64C50049385C /* ActiveSupportKit.framework in Frameworks */ = {isa = PBXBuildFile; fileRef = 783545EB13EA64C50049385C /* ActiveSupportKit.framework */; };
		7835460F13EA64C50049385C /* InfoPlist.strings in Resources */ = {isa = PBXBuildFile; fileRef = 7835460D13EA64C50049385C /* InfoPlist.strings */; };
		7835461213EA64C50049385C /* ActiveSupportKitTests.m in Sources */ = {isa = PBXBuildFile; fileRef = 7835461113EA64C50049385C /* ActiveSupportKitTests.m */; };
		7835461E13EA67C50049385C /* ActiveSupportKit.h in Headers */ = {isa = PBXBuildFile; fileRef = 7835461B13EA67C50049385C /* ActiveSupportKit.h */; settings = {ATTRIBUTES = (Public, ); }; };
		7835461F13EA67C50049385C /* ASInflectorMethods.h in Headers */ = {isa = PBXBuildFile; fileRef = 7835461C13EA67C50049385C /* ASInflectorMethods.h */; settings = {ATTRIBUTES = (Public, ); }; };
		7835462013EA67C50049385C /* ASInflectorMethods.m in Sources */ = {isa = PBXBuildFile; fileRef = 7835461D13EA67C50049385C /* ASInflectorMethods.m */; };
		7835BC751414B8E600CC4B56 /* Versioning.h in Headers */ = {isa = PBXBuildFile; fileRef = 7835BC731414B8E600CC4B56 /* Versioning.h */; settings = {ATTRIBUTES = (Public, ); }; };
		7835BC761414B8E600CC4B56 /* Versioning.h in Headers */ = {isa = PBXBuildFile; fileRef = 7835BC731414B8E600CC4B56 /* Versioning.h */; settings = {ATTRIBUTES = (Public, ); }; };
		7835BC771414B8E600CC4B56 /* Versioning.m in Sources */ = {isa = PBXBuildFile; fileRef = 7835BC741414B8E600CC4B56 /* Versioning.m */; };
		7835BC781414B8E600CC4B56 /* Versioning.m in Sources */ = {isa = PBXBuildFile; fileRef = 7835BC741414B8E600CC4B56 /* Versioning.m */; };
		78719ACD141541B200D102A0 /* InfoPlist.strings in Resources */ = {isa = PBXBuildFile; fileRef = 7835460D13EA64C50049385C /* InfoPlist.strings */; };
		78719ACE141542CD00D102A0 /* Foundation.framework in Frameworks */ = {isa = PBXBuildFile; fileRef = 78AFBD9013EC587900BBFC62 /* Foundation.framework */; };
		78719ACF141542CE00D102A0 /* Foundation.framework in Frameworks */ = {isa = PBXBuildFile; fileRef = 78AFBD9013EC587900BBFC62 /* Foundation.framework */; };
		78719AD0141543C800D102A0 /* ASInflector.m in Sources */ = {isa = PBXBuildFile; fileRef = 78E0B17F140D320C004E1041 /* ASInflector.m */; };
		78AFBD9113EC587900BBFC62 /* Foundation.framework in Frameworks */ = {isa = PBXBuildFile; fileRef = 78AFBD9013EC587900BBFC62 /* Foundation.framework */; };
		78AFBD9E13EC587900BBFC62 /* SenTestingKit.framework in Frameworks */ = {isa = PBXBuildFile; fileRef = 7835460413EA64C50049385C /* SenTestingKit.framework */; };
		78AFBDA113EC587900BBFC62 /* Foundation.framework in Frameworks */ = {isa = PBXBuildFile; fileRef = 78AFBD9013EC587900BBFC62 /* Foundation.framework */; };
		78AFBDB613EC58FC00BBFC62 /* ActiveSupportKitTests.m in Sources */ = {isa = PBXBuildFile; fileRef = 7835461113EA64C50049385C /* ActiveSupportKitTests.m */; };
		78AFBDB813EC5B7F00BBFC62 /* ASInflectorMethods.m in Sources */ = {isa = PBXBuildFile; fileRef = 7835461D13EA67C50049385C /* ASInflectorMethods.m */; };
		78AFBDBA13EC5BCD00BBFC62 /* ActiveSupportKit.h in Headers */ = {isa = PBXBuildFile; fileRef = 7835461B13EA67C50049385C /* ActiveSupportKit.h */; settings = {ATTRIBUTES = (Public, ); }; };
		78AFBDBB13EC5BD500BBFC62 /* ASInflectorMethods.h in Headers */ = {isa = PBXBuildFile; fileRef = 7835461C13EA67C50049385C /* ASInflectorMethods.h */; settings = {ATTRIBUTES = (Public, ); }; };
		78AFBDBC13EC5C5100BBFC62 /* libActiveSupportKit.a in Frameworks */ = {isa = PBXBuildFile; fileRef = 78AFBD8F13EC587900BBFC62 /* libActiveSupportKit.a */; };
		78B628FC141163A2007A8602 /* NSDictionary+ActiveSupport.h in Headers */ = {isa = PBXBuildFile; fileRef = 78B628FA141163A2007A8602 /* NSDictionary+ActiveSupport.h */; settings = {ATTRIBUTES = (Public, ); }; };
		78B628FD141163A2007A8602 /* NSDictionary+ActiveSupport.h in Headers */ = {isa = PBXBuildFile; fileRef = 78B628FA141163A2007A8602 /* NSDictionary+ActiveSupport.h */; settings = {ATTRIBUTES = (Public, ); }; };
		78B628FE141163A2007A8602 /* NSDictionary+ActiveSupport.m in Sources */ = {isa = PBXBuildFile; fileRef = 78B628FB141163A2007A8602 /* NSDictionary+ActiveSupport.m */; };
		78B628FF141163A2007A8602 /* NSDictionary+ActiveSupport.m in Sources */ = {isa = PBXBuildFile; fileRef = 78B628FB141163A2007A8602 /* NSDictionary+ActiveSupport.m */; };
		78E0B180140D320C004E1041 /* ASInflector.h in Headers */ = {isa = PBXBuildFile; fileRef = 78E0B17E140D320C004E1041 /* ASInflector.h */; settings = {ATTRIBUTES = (Public, ); }; };
		78E0B181140D320C004E1041 /* ASInflector.m in Sources */ = {isa = PBXBuildFile; fileRef = 78E0B17F140D320C004E1041 /* ASInflector.m */; };
		78E0B186140D3D68004E1041 /* ASInflector.h in Headers */ = {isa = PBXBuildFile; fileRef = 78E0B17E140D320C004E1041 /* ASInflector.h */; settings = {ATTRIBUTES = (Public, ); }; };
		78F3B50714175E5C005D6F5D /* NSRegularExpression+ActiveSupport.h in Headers */ = {isa = PBXBuildFile; fileRef = 78F3B50514175E5C005D6F5D /* NSRegularExpression+ActiveSupport.h */; settings = {ATTRIBUTES = (Public, ); }; };
		78F3B50814175E5C005D6F5D /* NSRegularExpression+ActiveSupport.h in Headers */ = {isa = PBXBuildFile; fileRef = 78F3B50514175E5C005D6F5D /* NSRegularExpression+ActiveSupport.h */; settings = {ATTRIBUTES = (Public, ); }; };
		78F3B50914175E5C005D6F5D /* NSRegularExpression+ActiveSupport.m in Sources */ = {isa = PBXBuildFile; fileRef = 78F3B50614175E5C005D6F5D /* NSRegularExpression+ActiveSupport.m */; };
		78F3B50A14175E5C005D6F5D /* NSRegularExpression+ActiveSupport.m in Sources */ = {isa = PBXBuildFile; fileRef = 78F3B50614175E5C005D6F5D /* NSRegularExpression+ActiveSupport.m */; };
		78F3B5571418CEB8005D6F5D /* ASJSON.h in Headers */ = {isa = PBXBuildFile; fileRef = 78F3B5551418CEB7005D6F5D /* ASJSON.h */; settings = {ATTRIBUTES = (Public, ); }; };
		78F3B5581418CEB8005D6F5D /* ASJSON.h in Headers */ = {isa = PBXBuildFile; fileRef = 78F3B5551418CEB7005D6F5D /* ASJSON.h */; settings = {ATTRIBUTES = (Public, ); }; };
		78F3B5591418CEB8005D6F5D /* ASJSON.m in Sources */ = {isa = PBXBuildFile; fileRef = 78F3B5561418CEB7005D6F5D /* ASJSON.m */; };
		78F3B55A1418CEB8005D6F5D /* ASJSON.m in Sources */ = {isa = PBXBuildFile; fileRef = 78F3B5561418CEB7005D6F5D /* ASJSON.m */; };
/* End PBXBuildFile section */

/* Begin PBXContainerItemProxy section */
		7835460713EA64C50049385C /* PBXContainerItemProxy */ = {
			isa = PBXContainerItemProxy;
			containerPortal = 783545E113EA64C40049385C /* Project object */;
			proxyType = 1;
			remoteGlobalIDString = 783545EA13EA64C50049385C;
			remoteInfo = ActiveSupportKit;
		};
		78AFBDA413EC587900BBFC62 /* PBXContainerItemProxy */ = {
			isa = PBXContainerItemProxy;
			containerPortal = 783545E113EA64C40049385C /* Project object */;
			proxyType = 1;
			remoteGlobalIDString = 78AFBD8E13EC587900BBFC62;
			remoteInfo = ActiveSupportKitLibrary;
		};
/* End PBXContainerItemProxy section */

/* Begin PBXFileReference section */
		7832703614115C6F00ECCE7D /* NSObject+ActiveSupport.h */ = {isa = PBXFileReference; fileEncoding = 4; lastKnownFileType = sourcecode.c.h; path = "NSObject+ActiveSupport.h"; sourceTree = "<group>"; };
		7832703714115C6F00ECCE7D /* NSObject+ActiveSupport.m */ = {isa = PBXFileReference; fileEncoding = 4; lastKnownFileType = sourcecode.c.objc; path = "NSObject+ActiveSupport.m"; sourceTree = "<group>"; };
		7832704014115D3400ECCE7D /* NSArray+ActiveSupport.h */ = {isa = PBXFileReference; fileEncoding = 4; lastKnownFileType = sourcecode.c.h; path = "NSArray+ActiveSupport.h"; sourceTree = "<group>"; };
		7832704114115D3400ECCE7D /* NSArray+ActiveSupport.m */ = {isa = PBXFileReference; fileEncoding = 4; lastKnownFileType = sourcecode.c.objc; path = "NSArray+ActiveSupport.m"; sourceTree = "<group>"; };
		783545EB13EA64C50049385C /* ActiveSupportKit.framework */ = {isa = PBXFileReference; explicitFileType = wrapper.framework; includeInIndex = 0; path = ActiveSupportKit.framework; sourceTree = BUILT_PRODUCTS_DIR; };
		783545F613EA64C50049385C /* ActiveSupportKit-Info.plist */ = {isa = PBXFileReference; lastKnownFileType = text.plist.xml; path = "ActiveSupportKit-Info.plist"; sourceTree = "<group>"; };
		783545F813EA64C50049385C /* en */ = {isa = PBXFileReference; lastKnownFileType = text.plist.strings; name = en; path = en.lproj/InfoPlist.strings; sourceTree = "<group>"; };
		783545FA13EA64C50049385C /* ActiveSupportKit-Prefix.pch */ = {isa = PBXFileReference; lastKnownFileType = sourcecode.c.h; path = "ActiveSupportKit-Prefix.pch"; sourceTree = "<group>"; };
		7835460313EA64C50049385C /* ActiveSupportKitTests.octest */ = {isa = PBXFileReference; explicitFileType = wrapper.cfbundle; includeInIndex = 0; name = ActiveSupportKitTests.octest; path = ActiveSupportKitFrameworkTests.octest; sourceTree = BUILT_PRODUCTS_DIR; };
		7835460413EA64C50049385C /* SenTestingKit.framework */ = {isa = PBXFileReference; lastKnownFileType = wrapper.framework; name = SenTestingKit.framework; path = Library/Frameworks/SenTestingKit.framework; sourceTree = DEVELOPER_DIR; };
		7835460C13EA64C50049385C /* ActiveSupportKitTests-Info.plist */ = {isa = PBXFileReference; lastKnownFileType = text.plist.xml; path = "ActiveSupportKitTests-Info.plist"; sourceTree = "<group>"; };
		7835460E13EA64C50049385C /* en */ = {isa = PBXFileReference; lastKnownFileType = text.plist.strings; name = en; path = en.lproj/InfoPlist.strings; sourceTree = "<group>"; };
		7835461013EA64C50049385C /* ActiveSupportKitTests.h */ = {isa = PBXFileReference; lastKnownFileType = sourcecode.c.h; path = ActiveSupportKitTests.h; sourceTree = "<group>"; };
		7835461113EA64C50049385C /* ActiveSupportKitTests.m */ = {isa = PBXFileReference; lastKnownFileType = sourcecode.c.objc; path = ActiveSupportKitTests.m; sourceTree = "<group>"; };
		7835461B13EA67C50049385C /* ActiveSupportKit.h */ = {isa = PBXFileReference; fileEncoding = 4; lastKnownFileType = sourcecode.c.h; path = ActiveSupportKit.h; sourceTree = "<group>"; };
		7835461C13EA67C50049385C /* ASInflectorMethods.h */ = {isa = PBXFileReference; fileEncoding = 4; lastKnownFileType = sourcecode.c.h; path = ASInflectorMethods.h; sourceTree = "<group>"; };
		7835461D13EA67C50049385C /* ASInflectorMethods.m */ = {isa = PBXFileReference; fileEncoding = 4; lastKnownFileType = sourcecode.c.objc; path = ASInflectorMethods.m; sourceTree = "<group>"; };
		7835BC731414B8E600CC4B56 /* Versioning.h */ = {isa = PBXFileReference; fileEncoding = 4; lastKnownFileType = sourcecode.c.h; path = Versioning.h; sourceTree = "<group>"; };
		7835BC741414B8E600CC4B56 /* Versioning.m */ = {isa = PBXFileReference; fileEncoding = 4; lastKnownFileType = sourcecode.c.objc; path = Versioning.m; sourceTree = "<group>"; };
		78AFBD8F13EC587900BBFC62 /* libActiveSupportKit.a */ = {isa = PBXFileReference; explicitFileType = archive.ar; includeInIndex = 0; path = libActiveSupportKit.a; sourceTree = BUILT_PRODUCTS_DIR; };
		78AFBD9013EC587900BBFC62 /* Foundation.framework */ = {isa = PBXFileReference; lastKnownFileType = wrapper.framework; name = Foundation.framework; path = System/Library/Frameworks/Foundation.framework; sourceTree = SDKROOT; };
		78AFBD9D13EC587900BBFC62 /* ActiveSupportKitLibraryTests.octest */ = {isa = PBXFileReference; explicitFileType = wrapper.cfbundle; includeInIndex = 0; path = ActiveSupportKitLibraryTests.octest; sourceTree = BUILT_PRODUCTS_DIR; };
		78B628FA141163A2007A8602 /* NSDictionary+ActiveSupport.h */ = {isa = PBXFileReference; fileEncoding = 4; lastKnownFileType = sourcecode.c.h; path = "NSDictionary+ActiveSupport.h"; sourceTree = "<group>"; };
		78B628FB141163A2007A8602 /* NSDictionary+ActiveSupport.m */ = {isa = PBXFileReference; fileEncoding = 4; lastKnownFileType = sourcecode.c.objc; path = "NSDictionary+ActiveSupport.m"; sourceTree = "<group>"; };
		78E0B17E140D320C004E1041 /* ASInflector.h */ = {isa = PBXFileReference; fileEncoding = 4; lastKnownFileType = sourcecode.c.h; path = ASInflector.h; sourceTree = "<group>"; };
		78E0B17F140D320C004E1041 /* ASInflector.m */ = {isa = PBXFileReference; fileEncoding = 4; lastKnownFileType = sourcecode.c.objc; path = ASInflector.m; sourceTree = "<group>"; };
		78F3B50514175E5C005D6F5D /* NSRegularExpression+ActiveSupport.h */ = {isa = PBXFileReference; fileEncoding = 4; lastKnownFileType = sourcecode.c.h; path = "NSRegularExpression+ActiveSupport.h"; sourceTree = "<group>"; };
		78F3B50614175E5C005D6F5D /* NSRegularExpression+ActiveSupport.m */ = {isa = PBXFileReference; fileEncoding = 4; lastKnownFileType = sourcecode.c.objc; path = "NSRegularExpression+ActiveSupport.m"; sourceTree = "<group>"; };
		78F3B5551418CEB7005D6F5D /* ASJSON.h */ = {isa = PBXFileReference; fileEncoding = 4; lastKnownFileType = sourcecode.c.h; path = ASJSON.h; sourceTree = "<group>"; };
		78F3B5561418CEB7005D6F5D /* ASJSON.m */ = {isa = PBXFileReference; fileEncoding = 4; lastKnownFileType = sourcecode.c.objc; path = ASJSON.m; sourceTree = "<group>"; };
/* End PBXFileReference section */

/* Begin PBXFrameworksBuildPhase section */
		783545E713EA64C50049385C /* Frameworks */ = {
			isa = PBXFrameworksBuildPhase;
			buildActionMask = 2147483647;
			files = (
				78719ACE141542CD00D102A0 /* Foundation.framework in Frameworks */,
			);
			runOnlyForDeploymentPostprocessing = 0;
		};
		783545FF13EA64C50049385C /* Frameworks */ = {
			isa = PBXFrameworksBuildPhase;
			buildActionMask = 2147483647;
			files = (
				7835460513EA64C50049385C /* SenTestingKit.framework in Frameworks */,
				7835460913EA64C50049385C /* ActiveSupportKit.framework in Frameworks */,
				78719ACF141542CE00D102A0 /* Foundation.framework in Frameworks */,
			);
			runOnlyForDeploymentPostprocessing = 0;
		};
		78AFBD8C13EC587900BBFC62 /* Frameworks */ = {
			isa = PBXFrameworksBuildPhase;
			buildActionMask = 2147483647;
			files = (
				78AFBD9113EC587900BBFC62 /* Foundation.framework in Frameworks */,
			);
			runOnlyForDeploymentPostprocessing = 0;
		};
		78AFBD9913EC587900BBFC62 /* Frameworks */ = {
			isa = PBXFrameworksBuildPhase;
			buildActionMask = 2147483647;
			files = (
				78AFBDBC13EC5C5100BBFC62 /* libActiveSupportKit.a in Frameworks */,
				78AFBD9E13EC587900BBFC62 /* SenTestingKit.framework in Frameworks */,
				78AFBDA113EC587900BBFC62 /* Foundation.framework in Frameworks */,
			);
			runOnlyForDeploymentPostprocessing = 0;
		};
/* End PBXFrameworksBuildPhase section */

/* Begin PBXGroup section */
		783545DF13EA64C40049385C = {
			isa = PBXGroup;
			children = (
				783545F413EA64C50049385C /* ActiveSupportKit */,
				7835460A13EA64C50049385C /* ActiveSupportKitTests */,
				783545ED13EA64C50049385C /* Frameworks */,
				783545EC13EA64C50049385C /* Products */,
			);
			sourceTree = "<group>";
		};
		783545EC13EA64C50049385C /* Products */ = {
			isa = PBXGroup;
			children = (
				783545EB13EA64C50049385C /* ActiveSupportKit.framework */,
				7835460313EA64C50049385C /* ActiveSupportKitTests.octest */,
				78AFBD8F13EC587900BBFC62 /* libActiveSupportKit.a */,
				78AFBD9D13EC587900BBFC62 /* ActiveSupportKitLibraryTests.octest */,
			);
			name = Products;
			sourceTree = "<group>";
		};
		783545ED13EA64C50049385C /* Frameworks */ = {
			isa = PBXGroup;
			children = (
				7835460413EA64C50049385C /* SenTestingKit.framework */,
				78AFBD9013EC587900BBFC62 /* Foundation.framework */,
				783545F013EA64C50049385C /* Other Frameworks */,
			);
			name = Frameworks;
			sourceTree = "<group>";
		};
		783545F013EA64C50049385C /* Other Frameworks */ = {
			isa = PBXGroup;
			children = (
			);
			name = "Other Frameworks";
			sourceTree = "<group>";
		};
		783545F413EA64C50049385C /* ActiveSupportKit */ = {
			isa = PBXGroup;
			children = (
				7835461B13EA67C50049385C /* ActiveSupportKit.h */,
				7832703614115C6F00ECCE7D /* NSObject+ActiveSupport.h */,
				7832703714115C6F00ECCE7D /* NSObject+ActiveSupport.m */,
				7832704014115D3400ECCE7D /* NSArray+ActiveSupport.h */,
				7832704114115D3400ECCE7D /* NSArray+ActiveSupport.m */,
				78B628FA141163A2007A8602 /* NSDictionary+ActiveSupport.h */,
				78B628FB141163A2007A8602 /* NSDictionary+ActiveSupport.m */,
				78F3B50514175E5C005D6F5D /* NSRegularExpression+ActiveSupport.h */,
				78F3B50614175E5C005D6F5D /* NSRegularExpression+ActiveSupport.m */,
				78F3B5551418CEB7005D6F5D /* ASJSON.h */,
				78F3B5561418CEB7005D6F5D /* ASJSON.m */,
				7835461C13EA67C50049385C /* ASInflectorMethods.h */,
				7835461D13EA67C50049385C /* ASInflectorMethods.m */,
				78E0B17E140D320C004E1041 /* ASInflector.h */,
				78E0B17F140D320C004E1041 /* ASInflector.m */,
				783545F513EA64C50049385C /* Supporting Files */,
			);
			path = ActiveSupportKit;
			sourceTree = "<group>";
		};
		783545F513EA64C50049385C /* Supporting Files */ = {
			isa = PBXGroup;
			children = (
				783545F613EA64C50049385C /* ActiveSupportKit-Info.plist */,
				783545F713EA64C50049385C /* InfoPlist.strings */,
				783545FA13EA64C50049385C /* ActiveSupportKit-Prefix.pch */,
				7835BC731414B8E600CC4B56 /* Versioning.h */,
				7835BC741414B8E600CC4B56 /* Versioning.m */,
			);
			name = "Supporting Files";
			sourceTree = "<group>";
		};
		7835460A13EA64C50049385C /* ActiveSupportKitTests */ = {
			isa = PBXGroup;
			children = (
				7835461013EA64C50049385C /* ActiveSupportKitTests.h */,
				7835461113EA64C50049385C /* ActiveSupportKitTests.m */,
				7835460B13EA64C50049385C /* Supporting Files */,
			);
			path = ActiveSupportKitTests;
			sourceTree = "<group>";
		};
		7835460B13EA64C50049385C /* Supporting Files */ = {
			isa = PBXGroup;
			children = (
				7835460C13EA64C50049385C /* ActiveSupportKitTests-Info.plist */,
				7835460D13EA64C50049385C /* InfoPlist.strings */,
			);
			name = "Supporting Files";
			sourceTree = "<group>";
		};
/* End PBXGroup section */

/* Begin PBXHeadersBuildPhase section */
		783545E813EA64C50049385C /* Headers */ = {
			isa = PBXHeadersBuildPhase;
			buildActionMask = 2147483647;
			files = (
				7835461E13EA67C50049385C /* ActiveSupportKit.h in Headers */,
				7835461F13EA67C50049385C /* ASInflectorMethods.h in Headers */,
				78E0B180140D320C004E1041 /* ASInflector.h in Headers */,
				7832703814115C6F00ECCE7D /* NSObject+ActiveSupport.h in Headers */,
				7832704214115D3400ECCE7D /* NSArray+ActiveSupport.h in Headers */,
				78B628FC141163A2007A8602 /* NSDictionary+ActiveSupport.h in Headers */,
				7835BC751414B8E600CC4B56 /* Versioning.h in Headers */,
				78F3B50714175E5C005D6F5D /* NSRegularExpression+ActiveSupport.h in Headers */,
				78F3B5571418CEB8005D6F5D /* ASJSON.h in Headers */,
			);
			runOnlyForDeploymentPostprocessing = 0;
		};
		78AFBD8D13EC587900BBFC62 /* Headers */ = {
			isa = PBXHeadersBuildPhase;
			buildActionMask = 2147483647;
			files = (
				78AFBDBA13EC5BCD00BBFC62 /* ActiveSupportKit.h in Headers */,
				78AFBDBB13EC5BD500BBFC62 /* ASInflectorMethods.h in Headers */,
				78E0B186140D3D68004E1041 /* ASInflector.h in Headers */,
				7832703914115C6F00ECCE7D /* NSObject+ActiveSupport.h in Headers */,
				7832704314115D3400ECCE7D /* NSArray+ActiveSupport.h in Headers */,
				78B628FD141163A2007A8602 /* NSDictionary+ActiveSupport.h in Headers */,
				7835BC761414B8E600CC4B56 /* Versioning.h in Headers */,
				78F3B50814175E5C005D6F5D /* NSRegularExpression+ActiveSupport.h in Headers */,
				78F3B5581418CEB8005D6F5D /* ASJSON.h in Headers */,
			);
			runOnlyForDeploymentPostprocessing = 0;
		};
/* End PBXHeadersBuildPhase section */

/* Begin PBXLegacyTarget section */
		78D320D014A12AD2007B9EA4 /* ActiveSupportKitPages */ = {
			isa = PBXLegacyTarget;
			buildArgumentsString = "-c \"$HOME/.rvm/bin/rvm-auto-ruby -r XcodePages -e XcodePages.doxygen_docset_install\"";
			buildConfigurationList = 78D320D114A12AD2007B9EA4 /* Build configuration list for PBXLegacyTarget "ActiveSupportKitPages" */;
			buildPhases = (
			);
			buildToolPath = /bin/sh;
			buildWorkingDirectory = "";
			dependencies = (
			);
			name = ActiveSupportKitPages;
			passBuildSettingsInEnvironment = 1;
			productName = ActiveSupportKitPages;
		};
/* End PBXLegacyTarget section */

/* Begin PBXNativeTarget section */
		783545EA13EA64C50049385C /* ActiveSupportKitFramework */ = {
			isa = PBXNativeTarget;
			buildConfigurationList = 7835461513EA64C50049385C /* Build configuration list for PBXNativeTarget "ActiveSupportKitFramework" */;
			buildPhases = (
				783545E613EA64C50049385C /* Sources */,
				783545E713EA64C50049385C /* Frameworks */,
				783545E813EA64C50049385C /* Headers */,
				783545E913EA64C50049385C /* Resources */,
			);
			buildRules = (
			);
			dependencies = (
			);
			name = ActiveSupportKitFramework;
			productName = ActiveSupportKit;
			productReference = 783545EB13EA64C50049385C /* ActiveSupportKit.framework */;
			productType = "com.apple.product-type.framework";
		};
		7835460213EA64C50049385C /* ActiveSupportKitFrameworkTests */ = {
			isa = PBXNativeTarget;
			buildConfigurationList = 7835461813EA64C50049385C /* Build configuration list for PBXNativeTarget "ActiveSupportKitFrameworkTests" */;
			buildPhases = (
				783545FE13EA64C50049385C /* Sources */,
				783545FF13EA64C50049385C /* Frameworks */,
				7835460013EA64C50049385C /* Resources */,
				7835460113EA64C50049385C /* ShellScript */,
			);
			buildRules = (
			);
			dependencies = (
				7835460813EA64C50049385C /* PBXTargetDependency */,
			);
			name = ActiveSupportKitFrameworkTests;
			productName = ActiveSupportKitTests;
			productReference = 7835460313EA64C50049385C /* ActiveSupportKitTests.octest */;
			productType = "com.apple.product-type.bundle";
		};
		78AFBD8E13EC587900BBFC62 /* ActiveSupportKitLibrary */ = {
			isa = PBXNativeTarget;
			buildConfigurationList = 78AFBDB013EC587900BBFC62 /* Build configuration list for PBXNativeTarget "ActiveSupportKitLibrary" */;
			buildPhases = (
				78AFBD8B13EC587900BBFC62 /* Sources */,
				78AFBD8C13EC587900BBFC62 /* Frameworks */,
				78AFBD8D13EC587900BBFC62 /* Headers */,
			);
			buildRules = (
			);
			dependencies = (
			);
			name = ActiveSupportKitLibrary;
			productName = ActiveSupportKitLibrary;
			productReference = 78AFBD8F13EC587900BBFC62 /* libActiveSupportKit.a */;
			productType = "com.apple.product-type.library.static";
		};
		78AFBD9C13EC587900BBFC62 /* ActiveSupportKitLibraryTests */ = {
			isa = PBXNativeTarget;
			buildConfigurationList = 78AFBDB313EC587900BBFC62 /* Build configuration list for PBXNativeTarget "ActiveSupportKitLibraryTests" */;
			buildPhases = (
				78AFBD9813EC587900BBFC62 /* Sources */,
				78AFBD9913EC587900BBFC62 /* Frameworks */,
				78AFBD9A13EC587900BBFC62 /* Resources */,
				78AFBD9B13EC587900BBFC62 /* ShellScript */,
			);
			buildRules = (
			);
			dependencies = (
				78AFBDA513EC587900BBFC62 /* PBXTargetDependency */,
			);
			name = ActiveSupportKitLibraryTests;
			productName = ActiveSupportKitLibraryTests;
			productReference = 78AFBD9D13EC587900BBFC62 /* ActiveSupportKitLibraryTests.octest */;
			productType = "com.apple.product-type.bundle";
		};
/* End PBXNativeTarget section */

/* Begin PBXProject section */
		783545E113EA64C40049385C /* Project object */ = {
			isa = PBXProject;
			attributes = {
				LastUpgradeCheck = 0420;
				ORGANIZATIONNAME = "Pioneering Software, United Kingdom";
			};
			buildConfigurationList = 783545E413EA64C40049385C /* Build configuration list for PBXProject "ActiveSupportKit" */;
			compatibilityVersion = "Xcode 3.2";
			developmentRegion = English;
			hasScannedForEncodings = 0;
			knownRegions = (
				en,
			);
			mainGroup = 783545DF13EA64C40049385C;
			productRefGroup = 783545EC13EA64C50049385C /* Products */;
			projectDirPath = "";
			projectRoot = "";
			targets = (
				783545EA13EA64C50049385C /* ActiveSupportKitFramework */,
				7835460213EA64C50049385C /* ActiveSupportKitFrameworkTests */,
				78AFBD8E13EC587900BBFC62 /* ActiveSupportKitLibrary */,
				78AFBD9C13EC587900BBFC62 /* ActiveSupportKitLibraryTests */,
				78D320D014A12AD2007B9EA4 /* ActiveSupportKitPages */,
			);
		};
/* End PBXProject section */

/* Begin PBXResourcesBuildPhase section */
		783545E913EA64C50049385C /* Resources */ = {
			isa = PBXResourcesBuildPhase;
			buildActionMask = 2147483647;
			files = (
				783545F913EA64C50049385C /* InfoPlist.strings in Resources */,
			);
			runOnlyForDeploymentPostprocessing = 0;
		};
		7835460013EA64C50049385C /* Resources */ = {
			isa = PBXResourcesBuildPhase;
			buildActionMask = 2147483647;
			files = (
				7835460F13EA64C50049385C /* InfoPlist.strings in Resources */,
			);
			runOnlyForDeploymentPostprocessing = 0;
		};
		78AFBD9A13EC587900BBFC62 /* Resources */ = {
			isa = PBXResourcesBuildPhase;
			buildActionMask = 2147483647;
			files = (
				78719ACD141541B200D102A0 /* InfoPlist.strings in Resources */,
			);
			runOnlyForDeploymentPostprocessing = 0;
		};
/* End PBXResourcesBuildPhase section */

/* Begin PBXShellScriptBuildPhase section */
		7835460113EA64C50049385C /* ShellScript */ = {
			isa = PBXShellScriptBuildPhase;
			buildActionMask = 2147483647;
			files = (
			);
			inputPaths = (
			);
			outputPaths = (
			);
			runOnlyForDeploymentPostprocessing = 0;
			shellPath = /bin/sh;
			shellScript = "# Run the unit tests in this test bundle.\n\"${SYSTEM_DEVELOPER_DIR}/Tools/RunUnitTests\"\n";
		};
		78AFBD9B13EC587900BBFC62 /* ShellScript */ = {
			isa = PBXShellScriptBuildPhase;
			buildActionMask = 2147483647;
			files = (
			);
			inputPaths = (
			);
			outputPaths = (
			);
			runOnlyForDeploymentPostprocessing = 0;
			shellPath = /bin/sh;
			shellScript = "# Run the unit tests in this test bundle.\n\"${SYSTEM_DEVELOPER_DIR}/Tools/RunUnitTests\"\n";
		};
/* End PBXShellScriptBuildPhase section */

/* Begin PBXSourcesBuildPhase section */
		783545E613EA64C50049385C /* Sources */ = {
			isa = PBXSourcesBuildPhase;
			buildActionMask = 2147483647;
			files = (
				7835462013EA67C50049385C /* ASInflectorMethods.m in Sources */,
				78E0B181140D320C004E1041 /* ASInflector.m in Sources */,
				7832703A14115C6F00ECCE7D /* NSObject+ActiveSupport.m in Sources */,
				7832704414115D3400ECCE7D /* NSArray+ActiveSupport.m in Sources */,
				78B628FE141163A2007A8602 /* NSDictionary+ActiveSupport.m in Sources */,
				7835BC771414B8E600CC4B56 /* Versioning.m in Sources */,
				78F3B50914175E5C005D6F5D /* NSRegularExpression+ActiveSupport.m in Sources */,
				78F3B5591418CEB8005D6F5D /* ASJSON.m in Sources */,
			);
			runOnlyForDeploymentPostprocessing = 0;
		};
		783545FE13EA64C50049385C /* Sources */ = {
			isa = PBXSourcesBuildPhase;
			buildActionMask = 2147483647;
			files = (
				7835461213EA64C50049385C /* ActiveSupportKitTests.m in Sources */,
			);
			runOnlyForDeploymentPostprocessing = 0;
		};
		78AFBD8B13EC587900BBFC62 /* Sources */ = {
			isa = PBXSourcesBuildPhase;
			buildActionMask = 2147483647;
			files = (
				78AFBDB813EC5B7F00BBFC62 /* ASInflectorMethods.m in Sources */,
				7832703B14115C6F00ECCE7D /* NSObject+ActiveSupport.m in Sources */,
				7832704514115D3400ECCE7D /* NSArray+ActiveSupport.m in Sources */,
				78B628FF141163A2007A8602 /* NSDictionary+ActiveSupport.m in Sources */,
				7835BC781414B8E600CC4B56 /* Versioning.m in Sources */,
				78719AD0141543C800D102A0 /* ASInflector.m in Sources */,
				78F3B50A14175E5C005D6F5D /* NSRegularExpression+ActiveSupport.m in Sources */,
				78F3B55A1418CEB8005D6F5D /* ASJSON.m in Sources */,
			);
			runOnlyForDeploymentPostprocessing = 0;
		};
		78AFBD9813EC587900BBFC62 /* Sources */ = {
			isa = PBXSourcesBuildPhase;
			buildActionMask = 2147483647;
			files = (
				78AFBDB613EC58FC00BBFC62 /* ActiveSupportKitTests.m in Sources */,
			);
			runOnlyForDeploymentPostprocessing = 0;
		};
/* End PBXSourcesBuildPhase section */

/* Begin PBXTargetDependency section */
		7835460813EA64C50049385C /* PBXTargetDependency */ = {
			isa = PBXTargetDependency;
			target = 783545EA13EA64C50049385C /* ActiveSupportKitFramework */;
			targetProxy = 7835460713EA64C50049385C /* PBXContainerItemProxy */;
		};
		78AFBDA513EC587900BBFC62 /* PBXTargetDependency */ = {
			isa = PBXTargetDependency;
			target = 78AFBD8E13EC587900BBFC62 /* ActiveSupportKitLibrary */;
			targetProxy = 78AFBDA413EC587900BBFC62 /* PBXContainerItemProxy */;
		};
/* End PBXTargetDependency section */

/* Begin PBXVariantGroup section */
		783545F713EA64C50049385C /* InfoPlist.strings */ = {
			isa = PBXVariantGroup;
			children = (
				783545F813EA64C50049385C /* en */,
			);
			name = InfoPlist.strings;
			sourceTree = "<group>";
		};
		7835460D13EA64C50049385C /* InfoPlist.strings */ = {
			isa = PBXVariantGroup;
			children = (
				7835460E13EA64C50049385C /* en */,
			);
			name = InfoPlist.strings;
			sourceTree = "<group>";
		};
/* End PBXVariantGroup section */

/* Begin XCBuildConfiguration section */
		7835461313EA64C50049385C /* Debug */ = {
			isa = XCBuildConfiguration;
			buildSettings = {
				ALWAYS_SEARCH_USER_PATHS = NO;
				ARCHS = "$(ARCHS_STANDARD_64_BIT)";
				COPY_PHASE_STRIP = NO;
				CURRENT_PROJECT_VERSION = 57.0;
				GCC_C_LANGUAGE_STANDARD = gnu99;
				GCC_DYNAMIC_NO_PIC = NO;
				GCC_ENABLE_OBJC_EXCEPTIONS = YES;
				GCC_OPTIMIZATION_LEVEL = 0;
				GCC_PREPROCESSOR_DEFINITIONS = (
					"DEBUG=1",
					"$(inherited)",
				);
				GCC_SYMBOLS_PRIVATE_EXTERN = NO;
				GCC_VERSION = com.apple.compilers.llvm.clang.1_0;
				GCC_WARN_64_TO_32_BIT_CONVERSION = YES;
				GCC_WARN_ABOUT_MISSING_PROTOTYPES = YES;
				GCC_WARN_ABOUT_RETURN_TYPE = YES;
				GCC_WARN_UNUSED_VARIABLE = YES;
				MACOSX_DEPLOYMENT_TARGET = 10.7;
				ONLY_ACTIVE_ARCH = YES;
				SDKROOT = macosx;
				VERSIONING_SYSTEM = "apple-generic";
				VERSION_INFO_PREFIX = k;
			};
			name = Debug;
		};
		7835461413EA64C50049385C /* Release */ = {
			isa = XCBuildConfiguration;
			buildSettings = {
				ALWAYS_SEARCH_USER_PATHS = NO;
				ARCHS = "$(ARCHS_STANDARD_64_BIT)";
				COPY_PHASE_STRIP = YES;
				CURRENT_PROJECT_VERSION = 57.0;
				DEBUG_INFORMATION_FORMAT = "dwarf-with-dsym";
				GCC_C_LANGUAGE_STANDARD = gnu99;
				GCC_ENABLE_OBJC_EXCEPTIONS = YES;
				GCC_VERSION = com.apple.compilers.llvm.clang.1_0;
				GCC_WARN_64_TO_32_BIT_CONVERSION = YES;
				GCC_WARN_ABOUT_MISSING_PROTOTYPES = YES;
				GCC_WARN_ABOUT_RETURN_TYPE = YES;
				GCC_WARN_UNUSED_VARIABLE = YES;
				MACOSX_DEPLOYMENT_TARGET = 10.7;
				SDKROOT = macosx;
				VERSIONING_SYSTEM = "apple-generic";
				VERSION_INFO_PREFIX = k;
			};
			name = Release;
		};
		7835461613EA64C50049385C /* Debug */ = {
			isa = XCBuildConfiguration;
			buildSettings = {
				DYLIB_COMPATIBILITY_VERSION = 1;
				DYLIB_CURRENT_VERSION = 57.0;
				DYLIB_INSTALL_NAME_BASE = "@executable_path/../Frameworks/RailsKit.framework/Versions/Current/Frameworks";
				FRAMEWORK_VERSION = A;
				GCC_PRECOMPILE_PREFIX_HEADER = YES;
				GCC_PREFIX_HEADER = "ActiveSupportKit/ActiveSupportKit-Prefix.pch";
				INFOPLIST_FILE = "ActiveSupportKit/ActiveSupportKit-Info.plist";
				PRODUCT_NAME = ActiveSupportKit;
				WRAPPER_EXTENSION = framework;
			};
			name = Debug;
		};
		7835461713EA64C50049385C /* Release */ = {
			isa = XCBuildConfiguration;
			buildSettings = {
				DYLIB_COMPATIBILITY_VERSION = 1;
				DYLIB_CURRENT_VERSION = 57.0;
				DYLIB_INSTALL_NAME_BASE = "@executable_path/../Frameworks/RailsKit.framework/Versions/Current/Frameworks";
				FRAMEWORK_VERSION = A;
				GCC_PRECOMPILE_PREFIX_HEADER = YES;
				GCC_PREFIX_HEADER = "ActiveSupportKit/ActiveSupportKit-Prefix.pch";
				INFOPLIST_FILE = "ActiveSupportKit/ActiveSupportKit-Info.plist";
				PRODUCT_NAME = ActiveSupportKit;
				WRAPPER_EXTENSION = framework;
			};
			name = Release;
		};
		7835461913EA64C50049385C /* Debug */ = {
			isa = XCBuildConfiguration;
			buildSettings = {
				FRAMEWORK_SEARCH_PATHS = "$(DEVELOPER_LIBRARY_DIR)/Frameworks";
				GCC_PRECOMPILE_PREFIX_HEADER = YES;
				GCC_PREFIX_HEADER = "ActiveSupportKit/ActiveSupportKit-Prefix.pch";
				INFOPLIST_FILE = "ActiveSupportKitTests/ActiveSupportKitTests-Info.plist";
				PRODUCT_NAME = "$(TARGET_NAME)";
				WRAPPER_EXTENSION = octest;
			};
			name = Debug;
		};
		7835461A13EA64C50049385C /* Release */ = {
			isa = XCBuildConfiguration;
			buildSettings = {
				FRAMEWORK_SEARCH_PATHS = "$(DEVELOPER_LIBRARY_DIR)/Frameworks";
				GCC_PRECOMPILE_PREFIX_HEADER = YES;
				GCC_PREFIX_HEADER = "ActiveSupportKit/ActiveSupportKit-Prefix.pch";
				INFOPLIST_FILE = "ActiveSupportKitTests/ActiveSupportKitTests-Info.plist";
				PRODUCT_NAME = "$(TARGET_NAME)";
				WRAPPER_EXTENSION = octest;
			};
			name = Release;
		};
		78AFBDB113EC587900BBFC62 /* Debug */ = {
			isa = XCBuildConfiguration;
			buildSettings = {
				ARCHS = "$(ARCHS_STANDARD_32_BIT)";
				DSTROOT = /tmp/ActiveSupportKitLibrary.dst;
				GCC_PRECOMPILE_PREFIX_HEADER = YES;
				GCC_PREFIX_HEADER = "ActiveSupportKit/ActiveSupportKit-Prefix.pch";
				OTHER_LDFLAGS = "-ObjC";
				PRIVATE_HEADERS_FOLDER_PATH = "/include/$(PROJECT_NAME)";
				PRODUCT_NAME = ActiveSupportKit;
				PUBLIC_HEADERS_FOLDER_PATH = "/include/$(PROJECT_NAME)";
				SDKROOT = iphoneos;
				SKIP_INSTALL = YES;
			};
			name = Debug;
		};
		78AFBDB213EC587900BBFC62 /* Release */ = {
			isa = XCBuildConfiguration;
			buildSettings = {
				ARCHS = "$(ARCHS_STANDARD_32_BIT)";
				DSTROOT = /tmp/ActiveSupportKitLibrary.dst;
				GCC_PRECOMPILE_PREFIX_HEADER = YES;
				GCC_PREFIX_HEADER = "ActiveSupportKit/ActiveSupportKit-Prefix.pch";
				OTHER_LDFLAGS = "-ObjC";
				PRIVATE_HEADERS_FOLDER_PATH = "/include/$(PROJECT_NAME)";
				PRODUCT_NAME = ActiveSupportKit;
				PUBLIC_HEADERS_FOLDER_PATH = "/include/$(PROJECT_NAME)";
				SDKROOT = iphoneos;
				SKIP_INSTALL = YES;
				VALIDATE_PRODUCT = YES;
			};
			name = Release;
		};
		78AFBDB413EC587900BBFC62 /* Debug */ = {
			isa = XCBuildConfiguration;
			buildSettings = {
				ARCHS = "$(ARCHS_STANDARD_32_BIT)";
				FRAMEWORK_SEARCH_PATHS = (
					"$(SDKROOT)/Developer/Library/Frameworks",
					"$(DEVELOPER_LIBRARY_DIR)/Frameworks",
				);
				GCC_PRECOMPILE_PREFIX_HEADER = YES;
				GCC_PREFIX_HEADER = "ActiveSupportKit/ActiveSupportKit-Prefix.pch";
				INFOPLIST_FILE = "ActiveSupportKitTests/ActiveSupportKitTests-Info.plist";
				OTHER_LDFLAGS = "-all_load";
				PRODUCT_NAME = "$(TARGET_NAME)";
				SDKROOT = iphoneos;
				WRAPPER_EXTENSION = octest;
			};
			name = Debug;
		};
		78AFBDB513EC587900BBFC62 /* Release */ = {
			isa = XCBuildConfiguration;
			buildSettings = {
				ARCHS = "$(ARCHS_STANDARD_32_BIT)";
				FRAMEWORK_SEARCH_PATHS = (
					"$(SDKROOT)/Developer/Library/Frameworks",
					"$(DEVELOPER_LIBRARY_DIR)/Frameworks",
				);
				GCC_PRECOMPILE_PREFIX_HEADER = YES;
				GCC_PREFIX_HEADER = "ActiveSupportKit/ActiveSupportKit-Prefix.pch";
				INFOPLIST_FILE = "ActiveSupportKitTests/ActiveSupportKitTests-Info.plist";
				OTHER_LDFLAGS = "-all_load";
				PRODUCT_NAME = "$(TARGET_NAME)";
				SDKROOT = iphoneos;
				VALIDATE_PRODUCT = YES;
				WRAPPER_EXTENSION = octest;
			};
			name = Release;
		};
		78D320D214A12AD2007B9EA4 /* Debug */ = {
			isa = XCBuildConfiguration;
			buildSettings = {
				CLANG_ENABLE_OBJC_ARC = YES;
				DEBUGGING_SYMBOLS = YES;
				GCC_GENERATE_DEBUGGING_SYMBOLS = YES;
				GCC_OPTIMIZATION_LEVEL = 0;
				OTHER_CFLAGS = "";
				OTHER_LDFLAGS = "";
				PRODUCT_NAME = "$(TARGET_NAME)";
			};
			name = Debug;
		};
		78D320D314A12AD2007B9EA4 /* Release */ = {
			isa = XCBuildConfiguration;
			buildSettings = {
				CLANG_ENABLE_OBJC_ARC = YES;
				OTHER_CFLAGS = "";
				OTHER_LDFLAGS = "";
				PRODUCT_NAME = "$(TARGET_NAME)";
			};
			name = Release;
		};
/* End XCBuildConfiguration section */

/* Begin XCConfigurationList section */
		783545E413EA64C40049385C /* Build configuration list for PBXProject "ActiveSupportKit" */ = {
			isa = XCConfigurationList;
			buildConfigurations = (
				7835461313EA64C50049385C /* Debug */,
				7835461413EA64C50049385C /* Release */,
			);
			defaultConfigurationIsVisible = 0;
			defaultConfigurationName = Release;
		};
		7835461513EA64C50049385C /* Build configuration list for PBXNativeTarget "ActiveSupportKitFramework" */ = {
			isa = XCConfigurationList;
			buildConfigurations = (
				7835461613EA64C50049385C /* Debug */,
				7835461713EA64C50049385C /* Release */,
			);
			defaultConfigurationIsVisible = 0;
			defaultConfigurationName = Release;
		};
		7835461813EA64C50049385C /* Build configuration list for PBXNativeTarget "ActiveSupportKitFrameworkTests" */ = {
			isa = XCConfigurationList;
			buildConfigurations = (
				7835461913EA64C50049385C /* Debug */,
				7835461A13EA64C50049385C /* Release */,
			);
			defaultConfigurationIsVisible = 0;
			defaultConfigurationName = Release;
		};
		78AFBDB013EC587900BBFC62 /* Build configuration list for PBXNativeTarget "ActiveSupportKitLibrary" */ = {
			isa = XCConfigurationList;
			buildConfigurations = (
				78AFBDB113EC587900BBFC62 /* Debug */,
				78AFBDB213EC587900BBFC62 /* Release */,
			);
			defaultConfigurationIsVisible = 0;
			defaultConfigurationName = Release;
		};
		78AFBDB313EC587900BBFC62 /* Build configuration list for PBXNativeTarget "ActiveSupportKitLibraryTests" */ = {
			isa = XCConfigurationList;
			buildConfigurations = (
				78AFBDB413EC587900BBFC62 /* Debug */,
				78AFBDB513EC587900BBFC62 /* Release */,
			);
			defaultConfigurationIsVisible = 0;
			defaultConfigurationName = Release;
		};
		78D320D114A12AD2007B9EA4 /* Build configuration list for PBXLegacyTarget "ActiveSupportKitPages" */ = {
			isa = XCConfigurationList;
			buildConfigurations = (
				78D320D214A12AD2007B9EA4 /* Debug */,
				78D320D314A12AD2007B9EA4 /* Release */,
			);
			defaultConfigurationIsVisible = 0;
			defaultConfigurationName = Release;
		};
/* End XCConfigurationList section */
	};
	rootObject = 783545E113EA64C40049385C /* Project object */;
}
